{
  "name": "my-app",
  "version": "1.0.0",
  "lockfileVersion": 3,
  "requires": true,
  "packages": {
    "": {
      "name": "my-app",
      "version": "1.0.0",
      "dependencies": {
        "@smartsoftware/aspnetcore.components.server.basictheme": "~1.0.0",
        "@smartsoftware/aspnetcore.mvc.ui.theme.basic": "~1.0.0"
      }
    },
    "node_modules/@fortawesome/fontawesome-free": {
      "version": "6.5.2",
      "resolved": "http://localhost:4873/@fortawesome/fontawesome-free/-/fontawesome-free-6.5.2.tgz",
      "integrity": "sha512-hRILoInAx8GNT5IMkrtIt9blOdrqHOnPBH+k70aWUAqPZPgopb9G5EQJFpaBx/S8zp2fC+mPW349Bziuk1o28Q==",
      "hasInstallScript": true,
      "engines": {
        "node": ">=6"
      }
    },
    "node_modules/@popperjs/core": {
      "version": "2.11.8",
      "resolved": "http://localhost:4873/@popperjs/core/-/core-2.11.8.tgz",
      "integrity": "sha512-P1st0aksCrn9sGZhp8GMYwBnQsbvAWsZAX44oXNNvLHGqAOcoVxmjZiohstwQ7SqKnbR47akdNi+uleWD8+g6A==",
      "peer": true,
      "funding": {
        "type": "opencollective",
        "url": "https://opencollective.com/popperjs"
      }
    },
    "node_modules/@smartsoftware/aspnetcore.components.server.basictheme": {
      "version": "1.0.0",
      "resolved": "http://localhost:4873/@smartsoftware/aspnetcore.components.server.basictheme/-/aspnetcore.components.server.basictheme-1.0.0.tgz",
      "integrity": "sha512-KJ2a4ROByjRGWiLJUR6xLejBvP1CNiBL+UwgvEDAvx0Jdq6rVgn7zfJU98tC8fQKCxIWK7sXmPnh++1C9gy2Sw==",
      "dependencies": {
        "@smartsoftware/aspnetcore.components.server.theming": "~1.0.0"
      }
    },
    "node_modules/@smartsoftware/aspnetcore.components.server.theming": {
      "version": "1.0.0",
      "resolved": "http://localhost:4873/@smartsoftware/aspnetcore.components.server.theming/-/aspnetcore.components.server.theming-1.0.0.tgz",
      "integrity": "sha512-XCAyWINCyo2ZFl3hwnWjF1dZK4z2MK1Oow0wR2z3zCCLvuhj/g5bR6ObrSI0JKFObfMfSBot7kGhQpjM+1tS3g==",
      "dependencies": {
        "@smartsoftware/bootstrap": "~1.0.0",
        "@smartsoftware/font-awesome": "~1.0.0"
      }
    },
    "node_modules/@smartsoftware/aspnetcore.mvc.ui": {
      "version": "1.0.0",
      "resolved": "http://localhost:4873/@smartsoftware/aspnetcore.mvc.ui/-/aspnetcore.mvc.ui-1.0.0.tgz",
      "integrity": "sha512-+w/ZglH3UeMhpoTEv4yCiJIyp80dJsojEWgJNd+EV1M23D01NDx+zdM6oKsbnz0uvmGl4/IdI3WDvog/XQ2oEg==",
      "dependencies": {
        "ansi-colors": "^4.1.1"
      }
    },
    "node_modules/@smartsoftware/aspnetcore.mvc.ui.theme.basic": {
      "version": "1.0.0",
      "resolved": "http://localhost:4873/@smartsoftware/aspnetcore.mvc.ui.theme.basic/-/aspnetcore.mvc.ui.theme.basic-1.0.0.tgz",
      "integrity": "sha512-PiZ8hEfANDqC6mHMv8Pf2NnALfhfHbMDUdHGejKFkJTZ3nBo7WmNtFbhAlPDzqq/LUypYp90yQjNACRz8MZnhQ==",
      "dependencies": {
        "@smartsoftware/aspnetcore.mvc.ui.theme.shared": "~1.0.0"
      }
    },
    "node_modules/@smartsoftware/aspnetcore.mvc.ui.theme.shared": {
      "version": "1.0.0",
      "resolved": "http://localhost:4873/@smartsoftware/aspnetcore.mvc.ui.theme.shared/-/aspnetcore.mvc.ui.theme.shared-1.0.0.tgz",
      "integrity": "sha512-/RNZJHmLj4Dn4Nb6aGBFuwBI2vj8oQWSMZwFoB9dAJY/eV7MGZxzshzOq/4b4HulcRQemNCtEcxuzgZQnwsoRw==",
      "dependencies": {
        "@smartsoftware/aspnetcore.mvc.ui": "~1.0.0",
        "@smartsoftware/bootstrap": "~1.0.0",
        "@smartsoftware/bootstrap-datepicker": "~1.0.0",
        "@smartsoftware/bootstrap-daterangepicker": "~1.0.0",
        "@smartsoftware/datatables.net-bs5": "~1.0.0",
        "@smartsoftware/font-awesome": "~1.0.0",
        "@smartsoftware/jquery-form": "~1.0.0",
        "@smartsoftware/jquery-validation-unobtrusive": "~1.0.0",
        "@smartsoftware/lodash": "~1.0.0",
        "@smartsoftware/luxon": "~1.0.0",
        "@smartsoftware/malihu-custom-scrollbar-plugin": "~1.0.0",
        "@smartsoftware/moment": "~1.0.0",
        "@smartsoftware/select2": "~1.0.0",
        "@smartsoftware/sweetalert2": "~1.0.0",
        "@smartsoftware/timeago": "~1.0.0",
        "@smartsoftware/toastr": "~1.0.0"
      }
    },
    "node_modules/@smartsoftware/bootstrap": {
      "version": "1.0.0",
      "resolved": "http://localhost:4873/@smartsoftware/bootstrap/-/bootstrap-1.0.0.tgz",
      "integrity": "sha512-pulCXGAx6qi+WhWRr0PpLNdZafoKFwhjwK85bZrJiAG0nbe0eQFwBPylWZTfbZx9Qlaep0rwWMh4y/XlPj67iw==",
      "dependencies": {
        "@smartsoftware/core": "~1.0.0",
        "bootstrap": "^5.1.3"
      }
    },
    "node_modules/@smartsoftware/bootstrap-datepicker": {
      "version": "1.0.0",
      "resolved": "http://localhost:4873/@smartsoftware/bootstrap-datepicker/-/bootstrap-datepicker-1.0.0.tgz",
      "integrity": "sha512-lJD3P+Ab9zwvQtCKJr2EJi9lYAQ2YPDuqgjZB2o1sZFfjzxxQFTyU2GSIJAzgtPHx4xuS1iVpUqpIbxCVZqalw==",
      "dependencies": {
        "bootstrap-datepicker": "^1.9.0"
      }
    },
    "node_modules/@smartsoftware/bootstrap-daterangepicker": {
      "version": "1.0.0",
      "resolved": "http://localhost:4873/@smartsoftware/bootstrap-daterangepicker/-/bootstrap-daterangepicker-1.0.0.tgz",
      "integrity": "sha512-Nk3wU4gRIixnNW6p7wNyNRMf2NNAxckwmP2gcge8siIEyi+GKufVDcrIewhADsHXNnfJwsKk0gvrDs0HWBzXQA==",
      "dependencies": {
        "bootstrap-daterangepicker": "^3.1.0"
      }
    },
    "node_modules/@smartsoftware/core": {
      "version": "1.0.0",
      "resolved": "http://localhost:4873/@smartsoftware/core/-/core-1.0.0.tgz",
      "integrity": "sha512-h1Nh1uBRuoDCGKzSo5qkMTwcePMESAwDg+KdgwBsXcTRR3pc6My5Sz3m1mm+ZZco+OYDNum7FKe1SU7BOnJh0A==",
      "dependencies": {
        "@smartsoftware/utils": "~1.0.0"
      }
    },
    "node_modules/@smartsoftware/datatables.net": {
      "version": "1.0.0",
      "resolved": "http://localhost:4873/@smartsoftware/datatables.net/-/datatables.net-1.0.0.tgz",
      "integrity": "sha512-F9kl+c3H8MpokvU97aG5BigQ9javGGPHFWxTNnCB2FaGMDEJtvaa42pcX3fnxQx8Hydjz0f4xJTd+bZ8oG5P4w==",
      "dependencies": {
        "@smartsoftware/jquery": "~1.0.0",
        "datatables.net": "^1.11.4"
      }
    },
    "node_modules/@smartsoftware/datatables.net-bs5": {
      "version": "1.0.0",
      "resolved": "http://localhost:4873/@smartsoftware/datatables.net-bs5/-/datatables.net-bs5-1.0.0.tgz",
      "integrity": "sha512-tghAfJ0haPfvK7M8WlmljOEoyZj2XB8Hg6bN2VyYWS9BbDf+J/3Tpdz17zvjy4G1vios+gk9o5OMtPy8g3SGEQ==",
      "dependencies": {
        "@smartsoftware/datatables.net": "~1.0.0",
        "datatables.net-bs5": "^1.11.4"
      }
    },
    "node_modules/@smartsoftware/font-awesome": {
      "version": "1.0.0",
      "resolved": "http://localhost:4873/@smartsoftware/font-awesome/-/font-awesome-1.0.0.tgz",
      "integrity": "sha512-oKcVJ+O1qiUYr1kYDVRWyoBtt0vK2MHYQd2o44EaKtidVt/LL7txh3jMYD/FwB6jcZx4/jhe+EkUcYhaHLDEBw==",
      "dependencies": {
        "@fortawesome/fontawesome-free": "^6.5.1",
        "@smartsoftware/core": "~1.0.0"
      }
    },
    "node_modules/@smartsoftware/jquery": {
      "version": "1.0.0",
      "resolved": "http://localhost:4873/@smartsoftware/jquery/-/jquery-1.0.0.tgz",
      "integrity": "sha512-T/FQqoIzSDP+D3w7Sg2dJnkJg6miIwMBe3B+GzOI2ndw9LCLVvwVJVuWfjwNOUlR+DlSci6eByGVk0bL1eN3ZA==",
      "dependencies": {
        "@smartsoftware/core": "~1.0.0",
        "jquery": "~3.6.0"
      }
    },
    "node_modules/@smartsoftware/jquery-form": {
      "version": "1.0.0",
      "resolved": "http://localhost:4873/@smartsoftware/jquery-form/-/jquery-form-1.0.0.tgz",
      "integrity": "sha512-m99+fhdRTo7KQE2RM7AKFJiHiGYXVp3Q12Rd6UMvR+C30oHB33dYFwsiQtuNCKtx72hUJaThEToYgQGCS9G7gA==",
      "dependencies": {
        "@smartsoftware/jquery": "~1.0.0",
        "jquery-form": "^4.3.0"
      }
    },
    "node_modules/@smartsoftware/jquery-validation": {
      "version": "1.0.0",
      "resolved": "http://localhost:4873/@smartsoftware/jquery-validation/-/jquery-validation-1.0.0.tgz",
      "integrity": "sha512-Jpzn/UbkIn3AcA3PevAJ/UJHz4GxU+Rlr4RVofnibnGa7Np4fP9zMUiHowOnUNH0wNxYqdL/mA2APS5O96AaHg==",
      "dependencies": {
        "@smartsoftware/jquery": "~1.0.0",
        "jquery-validation": "^1.19.3"
      }
    },
    "node_modules/@smartsoftware/jquery-validation-unobtrusive": {
      "version": "1.0.0",
      "resolved": "http://localhost:4873/@smartsoftware/jquery-validation-unobtrusive/-/jquery-validation-unobtrusive-1.0.0.tgz",
      "integrity": "sha512-O42ZZ0NJi++xLTitYtCgP0a6SnRV9ym+STViNv+NcwOs6zrx0qt4iQT9cDgI5bDL0Y5Fp6zFhJvTuRPZgEcrxA==",
      "dependencies": {
        "@smartsoftware/jquery-validation": "~1.0.0",
        "jquery-validation-unobtrusive": "^3.2.12"
      }
    },
    "node_modules/@smartsoftware/lodash": {
      "version": "1.0.0",
      "resolved": "http://localhost:4873/@smartsoftware/lodash/-/lodash-1.0.0.tgz",
      "integrity": "sha512-aZZyq6wgsVyAKKoWsKQeO76d0WMbthwvMukIkdf2Is5ARVth6aYv24YfpfJO0/w67TLot4Qk7PPmavNhF7No/Q==",
      "dependencies": {
        "@smartsoftware/core": "~1.0.0",
        "lodash": "^4.17.21"
      }
    },
    "node_modules/@smartsoftware/luxon": {
      "version": "1.0.0",
      "resolved": "http://localhost:4873/@smartsoftware/luxon/-/luxon-1.0.0.tgz",
      "integrity": "sha512-9DUj6iDBSAsKUd4kdVxOdj6EF2GaFei75p8DsZJwz5pybT8TVtcGYU9wApdUiiyjnTHOaxjIjAN/OG7kvKrKLw==",
      "dependencies": {
        "@smartsoftware/core": "~1.0.0",
        "luxon": "^2.3.0"
      }
    },
    "node_modules/@smartsoftware/malihu-custom-scrollbar-plugin": {
      "version": "1.0.0",
      "resolved": "http://localhost:4873/@smartsoftware/malihu-custom-scrollbar-plugin/-/malihu-custom-scrollbar-plugin-1.0.0.tgz",
      "integrity": "sha512-kwar8rnruSl9r++Wnn/31EcnfwKV9vjiOhOohiITA2LlbdkCyAaojZTQvs90qv/6gZ1UNE3NSlWlxP/ueskeeg==",
      "dependencies": {
        "@smartsoftware/core": "~1.0.0",
        "malihu-custom-scrollbar-plugin": "^3.1.5"
      }
    },
    "node_modules/@smartsoftware/moment": {
      "version": "1.0.0",
      "resolved": "http://localhost:4873/@smartsoftware/moment/-/moment-1.0.0.tgz",
      "integrity": "sha512-88II3S3eFjiTkNOlfnidj0ItdOOG0eAQwHwdNWYNSPB+PyZI2C9/2U9WkIqONjPbyH+oUFNlrE0NZWsRURfXFQ==",
      "dependencies": {
        "moment": "^2.9.0"
      }
    },
    "node_modules/@smartsoftware/select2": {
      "version": "1.0.0",
      "resolved": "http://localhost:4873/@smartsoftware/select2/-/select2-1.0.0.tgz",
      "integrity": "sha512-y8DE25Vot0sBQ+9vKn+gmnrJSoVw9xMLdMMB13zXBo7jE50R/V/TUcFH5Q7bvumLDouVRJ6xNd/HH0hGYYL64w==",
      "dependencies": {
        "@smartsoftware/core": "~1.0.0",
        "select2": "^4.0.13"
      }
    },
    "node_modules/@smartsoftware/sweetalert2": {
      "version": "1.0.0",
      "resolved": "http://localhost:4873/@smartsoftware/sweetalert2/-/sweetalert2-1.0.0.tgz",
      "integrity": "sha512-LKvVE8yFQdClyrHoVt7OZYjU11C0pj1SBWZTi9IKvF5F5opzunB3DjH8gJuCQFULPNzS6DHgMtXwTivg2HmoBg==",
      "dependencies": {
        "@smartsoftware/core": "~1.0.0",
        "sweetalert2": "^11.3.6"
      }
    },
    "node_modules/@smartsoftware/timeago": {
      "version": "1.0.0",
      "resolved": "http://localhost:4873/@smartsoftware/timeago/-/timeago-1.0.0.tgz",
      "integrity": "sha512-ENwap9KNeKpsyTKU3gKoEJ33UafPlXBTHOXiLmgO1groq7ejrV9rM24TR8KEk260wb+oHN+mMVHs2c15D3/JxA==",
      "dependencies": {
        "@smartsoftware/jquery": "~1.0.0",
        "timeago": "^1.6.7"
      }
    },
    "node_modules/@smartsoftware/toastr": {
      "version": "1.0.0",
      "resolved": "http://localhost:4873/@smartsoftware/toastr/-/toastr-1.0.0.tgz",
      "integrity": "sha512-yLcMM9qVNCP7GYx79/ASA2K7ppc9GObuYKTC5+9LrsipRjjWfP0g5GYQ5K+2Th+yP8/8dfTussNUbY+ECMzj5A==",
      "dependencies": {
        "@smartsoftware/jquery": "~1.0.0",
        "toastr": "^2.1.4"
      }
    },
    "node_modules/@smartsoftware/utils": {
      "version": "1.0.0",
      "resolved": "http://localhost:4873/@smartsoftware/utils/-/utils-1.0.0.tgz",
      "integrity": "sha512-YqclHfzCTy6E/xpM+poKVDRL65l955qsUPRQ6NlwCQFGjI8Cr9WvArZoE24CU+BGLO/EJIc/sLj/GQUCxtqA6w==",
      "dependencies": {
        "just-compare": "^2.3.0"
      }
    },
    "node_modules/ansi-colors": {
      "version": "4.1.3",
      "resolved": "http://localhost:4873/ansi-colors/-/ansi-colors-4.1.3.tgz",
      "integrity": "sha512-/6w/C21Pm1A7aZitlI5Ni/2J6FFQN8i1Cvz3kHABAAbw93v/NlvKdVOqz7CCWz/3iv/JplRSEEZ83XION15ovw==",
      "engines": {
        "node": ">=6"
      }
    },
    "node_modules/bootstrap": {
      "version": "5.3.3",
      "resolved": "http://localhost:4873/bootstrap/-/bootstrap-5.3.3.tgz",
      "integrity": "sha512-8HLCdWgyoMguSO9o+aH+iuZ+aht+mzW0u3HIMzVu7Srrpv7EBBxTnrFlSCskwdY1+EOFQSm7uMJhNQHkdPcmjg==",
      "funding": [
        {
          "type": "github",
          "url": "https://github.com/sponsors/twbs"
        },
        {
          "type": "opencollective",
          "url": "https://opencollective.com/bootstrap"
        }
      ],
      "peerDependencies": {
        "@popperjs/core": "^2.11.8"
      }
    },
    "node_modules/bootstrap-datepicker": {
      "version": "1.10.0",
      "resolved": "http://localhost:4873/bootstrap-datepicker/-/bootstrap-datepicker-1.10.0.tgz",
      "integrity": "sha512-lWxtSYddAQOpbAO8UhYhHLcK6425eWoSjb5JDvZU3ePHEPF6A3eUr51WKaFy4PccU19JRxUG6wEU3KdhtKfvpg==",
      "dependencies": {
        "jquery": ">=3.4.0 <4.0.0"
      }
    },
    "node_modules/bootstrap-daterangepicker": {
      "version": "3.1.0",
      "resolved": "http://localhost:4873/bootstrap-daterangepicker/-/bootstrap-daterangepicker-3.1.0.tgz",
      "integrity": "sha512-oaQZx6ZBDo/dZNyXGVi2rx5GmFXThyQLAxdtIqjtLlYVaQUfQALl5JZMJJZzyDIX7blfy4ppZPAJ10g8Ma4d/g==",
      "dependencies": {
        "jquery": ">=1.10",
        "moment": "^2.9.0"
      }
    },
    "node_modules/datatables.net": {
      "version": "1.13.11",
      "resolved": "http://localhost:4873/datatables.net/-/datatables.net-1.13.11.tgz",
      "integrity": "sha512-AE6RkMXziRaqzPcu/pl3SJXeRa6fmXQG/fVjuRESujvkzqDCYEeKTTpPMuVJSGYJpPi32WGSphVNNY1G4nSN/g==",
      "dependencies": {
        "jquery": "1.8 - 4"
      }
    },
    "node_modules/datatables.net-bs5": {
      "version": "1.13.11",
      "resolved": "http://localhost:4873/datatables.net-bs5/-/datatables.net-bs5-1.13.11.tgz",
      "integrity": "sha512-NQO15TjXo4xvZ0jReC4Uf86ezbQzPQPdaN2YncrCPhzQ6fx+2WD7DUq4ur0HbAcYHo94/M+MtD5Ch29To7Rj3Q==",
      "dependencies": {
        "datatables.net": "1.13.11",
        "jquery": "1.8 - 4"
      }
    },
    "node_modules/jquery": {
      "version": "3.6.4",
      "resolved": "http://localhost:4873/jquery/-/jquery-3.6.4.tgz",
      "integrity": "sha512-v28EW9DWDFpzcD9O5iyJXg3R3+q+mET5JhnjJzQUZMHOv67bpSIHq81GEYpPNZHG+XXHsfSme3nxp/hndKEcsQ=="
    },
    "node_modules/jquery-form": {
      "version": "4.3.0",
      "resolved": "http://localhost:4873/jquery-form/-/jquery-form-4.3.0.tgz",
      "integrity": "sha512-q3uaVCEWdLOYUCI6dpNdwf/7cJFOsUgdpq6r0taxtGQ5NJSkOzofyWm4jpOuJ5YxdmL1FI5QR+q+HB63HHLGnQ==",
      "dependencies": {
        "jquery": ">=1.7.2"
      }
    },
    "node_modules/jquery-mousewheel": {
      "version": "3.1.13",
      "resolved": "http://localhost:4873/jquery-mousewheel/-/jquery-mousewheel-3.1.13.tgz",
      "integrity": "sha512-GXhSjfOPyDemM005YCEHvzrEALhKDIswtxSHSR2e4K/suHVJKJxxRCGz3skPjNxjJjQa9AVSGGlYjv1M3VLIPg=="
    },
    "node_modules/jquery-validation": {
      "version": "1.20.0",
      "resolved": "http://localhost:4873/jquery-validation/-/jquery-validation-1.20.0.tgz",
      "integrity": "sha512-c8tg4ltIIP6L7l0bZ79sRzOJYquyjS48kQZ6iv8MJ2r0OYztxtkWYKTReZyU2/zVFYiINB29i0Z/IRNNuJQN1g==",
      "peerDependencies": {
        "jquery": "^1.7 || ^2.0 || ^3.1"
      }
    },
    "node_modules/jquery-validation-unobtrusive": {
      "version": "3.2.12",
      "resolved": "http://localhost:4873/jquery-validation-unobtrusive/-/jquery-validation-unobtrusive-3.2.12.tgz",
      "integrity": "sha512-kPixGhVcuat7vZXngGFfSIksy4VlzZcHyRgnBIZdsfVneCU+D5sITC8T8dD/9c9K/Q+qkMlgp7ufJHz93nKSuQ==",
      "dependencies": {
        "jquery": "^3.5.1",
        "jquery-validation": ">=1.16"
      }
    },
    "node_modules/just-compare": {
      "version": "2.3.0",
      "resolved": "http://localhost:4873/just-compare/-/just-compare-2.3.0.tgz",
      "integrity": "sha512-6shoR7HDT+fzfL3gBahx1jZG3hWLrhPAf+l7nCwahDdT9XDtosB9kIF0ZrzUp5QY8dJWfQVr5rnsPqsbvflDzg=="
    },
    "node_modules/lodash": {
      "version": "4.17.21",
      "resolved": "http://localhost:4873/lodash/-/lodash-4.17.21.tgz",
      "integrity": "sha512-v2kDEe57lecTulaDIuNTPy3Ry4gLGJ6Z1O3vE1krgXZNrsQ+LFTGHVxVjcXPs17LhbZVGedAJv8XZ1tvj5FvSg=="
    },
    "node_modules/luxon": {
      "version": "2.5.2",
      "resolved": "http://localhost:4873/luxon/-/luxon-2.5.2.tgz",
      "integrity": "sha512-Yg7/RDp4nedqmLgyH0LwgGRvMEKVzKbUdkBYyCosbHgJ+kaOUx0qzSiSatVc3DFygnirTPYnMM2P5dg2uH1WvA==",
      "engines": {
        "node": ">=12"
      }
    },
    "node_modules/malihu-custom-scrollbar-plugin": {
      "version": "3.1.5",
      "resolved": "http://localhost:4873/malihu-custom-scrollbar-plugin/-/malihu-custom-scrollbar-plugin-3.1.5.tgz",
      "integrity": "sha512-lwW3LgI+CNDMPnP4ED2la6oYxWMkCXlnhex+s2wuOLhFDFGnGmQuTQVdRK9bvDLpxs10sGlfErVufJy9ztfgJQ==",
      "dependencies": {
        "jquery-mousewheel": ">=3.0.6"
      }
    },
    "node_modules/moment": {
      "version": "2.30.1",
      "resolved": "http://localhost:4873/moment/-/moment-2.30.1.tgz",
      "integrity": "sha512-uEmtNhbDOrWPFS+hdjFCBfy9f2YoyzRpwcl+DqpC6taX21FzsTLQVbMV/W7PzNSX6x/bhC1zA3c2UQ5NzH6how==",
      "engines": {
        "node": "*"
      }
    },
    "node_modules/select2": {
      "version": "4.0.13",
      "resolved": "http://localhost:4873/select2/-/select2-4.0.13.tgz",
      "integrity": "sha512-1JeB87s6oN/TDxQQYCvS5EFoQyvV6eYMZZ0AeA4tdFDYWN3BAGZ8npr17UBFddU0lgAt3H0yjX3X6/ekOj1yjw=="
    },
    "node_modules/sweetalert2": {
      "version": "11.11.0",
      "resolved": "http://localhost:4873/sweetalert2/-/sweetalert2-11.11.0.tgz",
      "integrity": "sha512-wKCTtoE6lQVDKaJ5FFq+znk/YykJmJlD8RnLZps8C7DyivctCoRlVeeOwnKfgwKS+QJYon7s++3dmNi3/am1tw==",
      "funding": {
        "type": "individual",
        "url": "https://github.com/sponsors/limonte"
      }
    },
    "node_modules/timeago": {
      "version": "1.6.7",
      "resolved": "http://localhost:4873/timeago/-/timeago-1.6.7.tgz",
      "integrity": "sha512-FikcjN98+ij0siKH4VO4dZ358PR3oDDq4Vdl1+sN9gWz1/+JXGr3uZbUShYH/hL7bMhcTpPbplJU5Tej4b4jbQ==",
      "dependencies": {
        "jquery": ">=1.5.0 <4.0"
      }
    },
    "node_modules/toastr": {
      "version": "2.1.4",
      "resolved": "http://localhost:4873/toastr/-/toastr-2.1.4.tgz",
      "integrity": "sha512-LIy77F5n+sz4tefMmFOntcJ6HL0Fv3k1TDnNmFZ0bU/GcvIIfy6eG2v7zQmMiYgaalAiUv75ttFrPn5s0gyqlA==",
      "dependencies": {
        "jquery": ">=1.12.0"
      }
    }
  }
}
